
Microsoft Visual Studio Solution File, Format Version 12.00
# Visual Studio 15
VisualStudioVersion = 15.0.28307.421
MinimumVisualStudioVersion = 10.0.40219.1
Project("{2150E333-8FDC-42A3-9474-1A3956D46DE8}") = "Solution Items", "Solution Items", "{521CF026-2BBA-42B0-89C4-BC2735F12949}"
	ProjectSection(SolutionItems) = preProject
		LocalTestRun.testrunconfig = LocalTestRun.testrunconfig
		MarketSage.vsmdi = MarketSage.vsmdi
	EndProjectSection
EndProject
Project("{FAE04EC0-301F-11D3-BF4B-00C04F79EFBC}") = "MarketSage", "MarketSage\MarketSage.csproj", "{24DD88E8-EBB7-4D6A-8A4E-8F4EF47EB47C}"
	ProjectSection(ProjectDependencies) = postProject
		{3F2CCE55-61F7-4270-A72B-E406BE2690AE} = {3F2CCE55-61F7-4270-A72B-E406BE2690AE}
		{DD856192-0BD9-4A99-AAB8-F8BDFED56EB2} = {DD856192-0BD9-4A99-AAB8-F8BDFED56EB2}
	EndProjectSection
EndProject
Project("{FAE04EC0-301F-11D3-BF4B-00C04F79EFBC}") = "MarketSage.Library", "MarketSage.Library\MarketSage.Library.csproj", "{3F2CCE55-61F7-4270-A72B-E406BE2690AE}"
EndProject
Project("{FAE04EC0-301F-11D3-BF4B-00C04F79EFBC}") = "MarketSage.Plugin.Core", "MarketSage.Plugin.Core\MarketSage.Plugin.Core.csproj", "{DD856192-0BD9-4A99-AAB8-F8BDFED56EB2}"
	ProjectSection(ProjectDependencies) = postProject
		{3F2CCE55-61F7-4270-A72B-E406BE2690AE} = {3F2CCE55-61F7-4270-A72B-E406BE2690AE}
	EndProjectSection
EndProject
Project("{FAE04EC0-301F-11D3-BF4B-00C04F79EFBC}") = "MarketSage.Plugin.Experimental", "MarketSage.Plugin.Experimental\MarketSage.Plugin.Experimental.csproj", "{2ED434FC-5E2A-455B-99D8-1C679CEDD2B1}"
	ProjectSection(ProjectDependencies) = postProject
		{3F2CCE55-61F7-4270-A72B-E406BE2690AE} = {3F2CCE55-61F7-4270-A72B-E406BE2690AE}
	EndProjectSection
EndProject
Global
	GlobalSection(SolutionConfigurationPlatforms) = preSolution
		Debug|Any CPU = Debug|Any CPU
		Debug|x86 = Debug|x86
		Release|Any CPU = Release|Any CPU
		Release|x86 = Release|x86
	EndGlobalSection
	GlobalSection(ProjectConfigurationPlatforms) = postSolution
		{24DD88E8-EBB7-4D6A-8A4E-8F4EF47EB47C}.Debug|Any CPU.ActiveCfg = Debug|Any CPU
		{24DD88E8-EBB7-4D6A-8A4E-8F4EF47EB47C}.Debug|Any CPU.Build.0 = Debug|Any CPU
		{24DD88E8-EBB7-4D6A-8A4E-8F4EF47EB47C}.Debug|x86.ActiveCfg = Debug|x86
		{24DD88E8-EBB7-4D6A-8A4E-8F4EF47EB47C}.Debug|x86.Build.0 = Debug|x86
		{24DD88E8-EBB7-4D6A-8A4E-8F4EF47EB47C}.Release|Any CPU.ActiveCfg = Release|Any CPU
		{24DD88E8-EBB7-4D6A-8A4E-8F4EF47EB47C}.Release|Any CPU.Build.0 = Release|Any CPU
		{24DD88E8-EBB7-4D6A-8A4E-8F4EF47EB47C}.Release|x86.ActiveCfg = Release|x86
		{24DD88E8-EBB7-4D6A-8A4E-8F4EF47EB47C}.Release|x86.Build.0 = Release|x86
		{3F2CCE55-61F7-4270-A72B-E406BE2690AE}.Debug|Any CPU.ActiveCfg = Debug|Any CPU
		{3F2CCE55-61F7-4270-A72B-E406BE2690AE}.Debug|Any CPU.Build.0 = Debug|Any CPU
		{3F2CCE55-61F7-4270-A72B-E406BE2690AE}.Debug|x86.ActiveCfg = Debug|x86
		{3F2CCE55-61F7-4270-A72B-E406BE2690AE}.Debug|x86.Build.0 = Debug|x86
		{3F2CCE55-61F7-4270-A72B-E406BE2690AE}.Release|Any CPU.ActiveCfg = Release|Any CPU
		{3F2CCE55-61F7-4270-A72B-E406BE2690AE}.Release|Any CPU.Build.0 = Release|Any CPU
		{3F2CCE55-61F7-4270-A72B-E406BE2690AE}.Release|x86.ActiveCfg = Release|x86
		{3F2CCE55-61F7-4270-A72B-E406BE2690AE}.Release|x86.Build.0 = Release|x86
		{DD856192-0BD9-4A99-AAB8-F8BDFED56EB2}.Debug|Any CPU.ActiveCfg = Debug|Any CPU
		{DD856192-0BD9-4A99-AAB8-F8BDFED56EB2}.Debug|Any CPU.Build.0 = Debug|Any CPU
		{DD856192-0BD9-4A99-AAB8-F8BDFED56EB2}.Debug|x86.ActiveCfg = Debug|x86
		{DD856192-0BD9-4A99-AAB8-F8BDFED56EB2}.Debug|x86.Build.0 = Debug|x86
		{DD856192-0BD9-4A99-AAB8-F8BDFED56EB2}.Release|Any CPU.ActiveCfg = Release|Any CPU
		{DD856192-0BD9-4A99-AAB8-F8BDFED56EB2}.Release|Any CPU.Build.0 = Release|Any CPU
		{DD856192-0BD9-4A99-AAB8-F8BDFED56EB2}.Release|x86.ActiveCfg = Release|x86
		{DD856192-0BD9-4A99-AAB8-F8BDFED56EB2}.Release|x86.Build.0 = Release|x86
		{2ED434FC-5E2A-455B-99D8-1C679CEDD2B1}.Debug|Any CPU.ActiveCfg = Debug|Any CPU
		{2ED434FC-5E2A-455B-99D8-1C679CEDD2B1}.Debug|Any CPU.Build.0 = Debug|Any CPU
		{2ED434FC-5E2A-455B-99D8-1C679CEDD2B1}.Debug|x86.ActiveCfg = Debug|x86
		{2ED434FC-5E2A-455B-99D8-1C679CEDD2B1}.Debug|x86.Build.0 = Debug|x86
		{2ED434FC-5E2A-455B-99D8-1C679CEDD2B1}.Release|Any CPU.ActiveCfg = Release|Any CPU
		{2ED434FC-5E2A-455B-99D8-1C679CEDD2B1}.Release|Any CPU.Build.0 = Release|Any CPU
		{2ED434FC-5E2A-455B-99D8-1C679CEDD2B1}.Release|x86.ActiveCfg = Release|x86
		{2ED434FC-5E2A-455B-99D8-1C679CEDD2B1}.Release|x86.Build.0 = Release|x86
	EndGlobalSection
	GlobalSection(SolutionProperties) = preSolution
		HideSolutionNode = FALSE
	EndGlobalSection
	GlobalSection(ExtensibilityGlobals) = postSolution
		SolutionGuid = {0A323786-5EFE-45B1-8FF4-7E2A5EED5EEC}
	EndGlobalSection
EndGlobal
